{
  "nodes": {
    "cachyos-kernel": {
      "flake": false,
      "locked": {
        "lastModified": 1768843787,
        "narHash": "sha256-z5WdKQAV/P2QzGrtDfM9k6qpAZGnP5nN9rBtKjl0bHY=",
        "owner": "CachyOS",
        "repo": "linux-cachyos",
        "rev": "c2a381ae3d7dc148bb78d42677ec08974f3511fb",
        "type": "github"
      },
      "original": {
        "owner": "CachyOS",
        "repo": "linux-cachyos",
        "type": "github"
      }
    },
    "cachyos-kernel-patches": {
      "flake": false,
      "locked": {
        "lastModified": 1769078551,
        "narHash": "sha256-FHP7QzCM28OcIoJK/2EOFc+aQOyyU3c97tPjDuz733g=",
        "owner": "CachyOS",
        "repo": "kernel-patches",
        "rev": "36d1566b2d47de44e6fe04897d4c13ee6f8b9f1b",
        "type": "github"
      },
      "original": {
        "owner": "CachyOS",
        "repo": "kernel-patches",
        "type": "github"
      }
    },
    "flake-compat": {
      "flake": false,
      "locked": {
        "lastModified": 1767039857,
        "narHash": "sha256-vNpUSpF5Nuw8xvDLj2KCwwksIbjua2LZCqhV1LNRDns=",
        "owner": "NixOS",
        "repo": "flake-compat",
        "rev": "5edf11c44bc78a0d334f6334cdaf7d60d732daab",
        "type": "github"
      },
      "original": {
        "owner": "NixOS",
        "repo": "flake-compat",
        "type": "github"
      }
    },
    "flake-parts": {
      "inputs": {
        "nixpkgs-lib": "nixpkgs-lib"
      },
      "locked": {
        "lastModified": 1768135262,
        "narHash": "sha256-PVvu7OqHBGWN16zSi6tEmPwwHQ4rLPU9Plvs8/1TUBY=",
        "owner": "hercules-ci",
        "repo": "flake-parts",
        "rev": "80daad04eddbbf5a4d883996a73f3f542fa437ac",
        "type": "github"
      },
      "original": {
        "owner": "hercules-ci",
        "repo": "flake-parts",
        "type": "github"
      }
    },
    "home-manager": {
      "inputs": {
        "nixpkgs": [
          "nixpkgs"
        ]
      },
      "locked": {
        "lastModified": 1769132734,
        "narHash": "sha256-gmU9cRplrQWqoback9PgQX7Dlsdx8JlhlVZwf0q1F7E=",
        "rev": "d055b309a6277343cb1033a11d7500f0a0f669fc",
        "revCount": 6141,
        "type": "tarball",
        "url": "https://api.flakehub.com/f/pinned/nix-community/home-manager/0.1.6141%2Brev-d055b309a6277343cb1033a11d7500f0a0f669fc/019be888-82f1-73f3-8753-4e6cd45c8669/source.tar.gz"
      },
      "original": {
        "type": "tarball",
        "url": "https://flakehub.com/f/nix-community/home-manager/0.1"
      }
    },
    "nix-cachyos-kernel": {
      "inputs": {
        "cachyos-kernel": "cachyos-kernel",
        "cachyos-kernel-patches": "cachyos-kernel-patches",
        "flake-compat": "flake-compat",
        "flake-parts": "flake-parts",
        "nixpkgs": "nixpkgs"
      },
      "locked": {
        "lastModified": 1769104704,
        "narHash": "sha256-tJI3YNkH6qvYVbZG/V82sYjzffxv3CiVx8Ydvo/4Z2Q=",
        "owner": "xddxdd",
        "repo": "nix-cachyos-kernel",
        "rev": "50f6b0c70fc475198b9cade572dec56ab3734f41",
        "type": "github"
      },
      "original": {
        "owner": "xddxdd",
        "ref": "release",
        "repo": "nix-cachyos-kernel",
        "type": "github"
      }
    },
    "nixpkgs": {
      "locked": {
        "lastModified": 1769062023,
        "narHash": "sha256-8SDyv/VoC6Pdku+UhZjR0saGLykUvxGhqWgQXzLElS4=",
        "owner": "NixOS",
        "repo": "nixpkgs",
        "rev": "ad2977c7547e4ac085924774abd3768d85ecbcd9",
        "type": "github"
      },
      "original": {
        "owner": "NixOS",
        "ref": "nixos-unstable-small",
        "repo": "nixpkgs",
        "type": "github"
      }
    },
    "nixpkgs-lib": {
      "locked": {
        "lastModified": 1765674936,
        "narHash": "sha256-k00uTP4JNfmejrCLJOwdObYC9jHRrr/5M/a/8L2EIdo=",
        "owner": "nix-community",
        "repo": "nixpkgs.lib",
        "rev": "2075416fcb47225d9b68ac469a5c4801a9c4dd85",
        "type": "github"
      },
      "original": {
        "owner": "nix-community",
        "repo": "nixpkgs.lib",
        "type": "github"
      }
    },
    "nixpkgs_2": {
      "locked": {
        "lastModified": 1769018530,
        "narHash": "sha256-MJ27Cy2NtBEV5tsK+YraYr2g851f3Fl1LpNHDzDX15c=",
        "rev": "88d3861acdd3d2f0e361767018218e51810df8a1",
        "revCount": 931542,
        "type": "tarball",
        "url": "https://api.flakehub.com/f/pinned/NixOS/nixpkgs/0.1.931542%2Brev-88d3861acdd3d2f0e361767018218e51810df8a1/019be60b-f6ea-74ec-ab74-e960f412a787/source.tar.gz"
      },
      "original": {
        "type": "tarball",
        "url": "https://flakehub.com/f/NixOS/nixpkgs/0.1"
      }
    },
    "root": {
      "inputs": {
        "home-manager": "home-manager",
        "nix-cachyos-kernel": "nix-cachyos-kernel",
        "nixpkgs": "nixpkgs_2"
      }
    }
  },
  "root": "root",
  "version": 7
}
