{
  "nodes": {
    "cachyos-kernel": {
      "flake": false,
      "locked": {
        "lastModified": 1769201405,
        "narHash": "sha256-k/KQL7J9ZnLlF28E6ywGpfo5dxkuxCcEtJ/XEZDTw3M=",
        "owner": "CachyOS",
        "repo": "linux-cachyos",
        "rev": "ff53672af48a106f52857d62c9275b165cc452ef",
        "type": "github"
      },
      "original": {
        "owner": "CachyOS",
        "repo": "linux-cachyos",
        "type": "github"
      }
    },
    "cachyos-kernel-patches": {
      "flake": false,
      "locked": {
        "lastModified": 1769199354,
        "narHash": "sha256-y1DKMryOr1w4xcZnDkaZjvENIPmr3j/YB4Srtfd3I2Y=",
        "owner": "CachyOS",
        "repo": "kernel-patches",
        "rev": "c8b990198baf3c34b64e4e5c5ffeb7c068eede1a",
        "type": "github"
      },
      "original": {
        "owner": "CachyOS",
        "repo": "kernel-patches",
        "type": "github"
      }
    },
    "flake-compat": {
      "flake": false,
      "locked": {
        "lastModified": 1767039857,
        "narHash": "sha256-vNpUSpF5Nuw8xvDLj2KCwwksIbjua2LZCqhV1LNRDns=",
        "owner": "NixOS",
        "repo": "flake-compat",
        "rev": "5edf11c44bc78a0d334f6334cdaf7d60d732daab",
        "type": "github"
      },
      "original": {
        "owner": "NixOS",
        "repo": "flake-compat",
        "type": "github"
      }
    },
    "flake-parts": {
      "inputs": {
        "nixpkgs-lib": "nixpkgs-lib"
      },
      "locked": {
        "lastModified": 1768135262,
        "narHash": "sha256-PVvu7OqHBGWN16zSi6tEmPwwHQ4rLPU9Plvs8/1TUBY=",
        "owner": "hercules-ci",
        "repo": "flake-parts",
        "rev": "80daad04eddbbf5a4d883996a73f3f542fa437ac",
        "type": "github"
      },
      "original": {
        "owner": "hercules-ci",
        "repo": "flake-parts",
        "type": "github"
      }
    },
    "home-manager": {
      "inputs": {
        "nixpkgs": [
          "nixpkgs"
        ]
      },
      "locked": {
        "lastModified": 1769378644,
        "narHash": "sha256-OrYAwxvnFY1IblA4JoOMb01zQ4+qZ5W+wkCGSe07ihc=",
        "rev": "963734815334d2e9ccbbdedb7aa5bb9b84917705",
        "revCount": 6150,
        "type": "tarball",
        "url": "https://api.flakehub.com/f/pinned/nix-community/home-manager/0.1.6150%2Brev-963734815334d2e9ccbbdedb7aa5bb9b84917705/019bf730-7732-717e-9551-e2a13b30f63e/source.tar.gz"
      },
      "original": {
        "type": "tarball",
        "url": "https://flakehub.com/f/nix-community/home-manager/0.1"
      }
    },
    "nix-cachyos-kernel": {
      "inputs": {
        "cachyos-kernel": "cachyos-kernel",
        "cachyos-kernel-patches": "cachyos-kernel-patches",
        "flake-compat": "flake-compat",
        "flake-parts": "flake-parts",
        "nixpkgs": "nixpkgs"
      },
      "locked": {
        "lastModified": 1769363279,
        "narHash": "sha256-XJCuB8GWkFLRFBR6GQoxRB9/lobB45ERp0JN0Lo2nvs=",
        "owner": "xddxdd",
        "repo": "nix-cachyos-kernel",
        "rev": "4aa98db78c1d663c3dad59775e95ad93fe58a844",
        "type": "github"
      },
      "original": {
        "owner": "xddxdd",
        "ref": "release",
        "repo": "nix-cachyos-kernel",
        "type": "github"
      }
    },
    "nixpkgs": {
      "locked": {
        "lastModified": 1769300497,
        "narHash": "sha256-W7NbQnQGqUPRnpHOlLXk3g52TSQDkFVzhax9YNv9K+U=",
        "owner": "NixOS",
        "repo": "nixpkgs",
        "rev": "60f9d776547020ff3be5a2cfbd0a457fddd88ecc",
        "type": "github"
      },
      "original": {
        "owner": "NixOS",
        "ref": "nixos-unstable-small",
        "repo": "nixpkgs",
        "type": "github"
      }
    },
    "nixpkgs-lib": {
      "locked": {
        "lastModified": 1765674936,
        "narHash": "sha256-k00uTP4JNfmejrCLJOwdObYC9jHRrr/5M/a/8L2EIdo=",
        "owner": "nix-community",
        "repo": "nixpkgs.lib",
        "rev": "2075416fcb47225d9b68ac469a5c4801a9c4dd85",
        "type": "github"
      },
      "original": {
        "owner": "nix-community",
        "repo": "nixpkgs.lib",
        "type": "github"
      }
    },
    "nixpkgs_2": {
      "locked": {
        "lastModified": 1769170682,
        "narHash": "sha256-oMmN1lVQU0F0W2k6OI3bgdzp2YOHWYUAw79qzDSjenU=",
        "rev": "c5296fdd05cfa2c187990dd909864da9658df755",
        "revCount": 933481,
        "type": "tarball",
        "url": "https://api.flakehub.com/f/pinned/NixOS/nixpkgs/0.1.933481%2Brev-c5296fdd05cfa2c187990dd909864da9658df755/019bf3bd-416e-7c9f-8b54-86fa33af8e40/source.tar.gz"
      },
      "original": {
        "type": "tarball",
        "url": "https://flakehub.com/f/NixOS/nixpkgs/0.1"
      }
    },
    "root": {
      "inputs": {
        "home-manager": "home-manager",
        "nix-cachyos-kernel": "nix-cachyos-kernel",
        "nixpkgs": "nixpkgs_2"
      }
    }
  },
  "root": "root",
  "version": 7
}
